
Microsoft Visual Studio Solution File, Format Version 12.00
# Visual Studio 15
Project("{FAE04EC0-301F-11D3-BF4B-00C04F79EFBC}") = "Assembly-CSharp-Editor", "Assembly-CSharp-Editor.csproj", "{CE3B348E-8CF1-EC54-0D34-6499F4FAE3BF}"
EndProject
Project("{FAE04EC0-301F-11D3-BF4B-00C04F79EFBC}") = "Assembly-CSharp", "Assembly-CSharp.csproj", "{BD420B34-F307-CACA-6CC8-BB9C9A03B0AB}"
EndProject
Global
	GlobalSection(SolutionConfigurationPlatforms) = preSolution
		Debug|Any CPU = Debug|Any CPU
		Release|Any CPU = Release|Any CPU
	EndGlobalSection
	GlobalSection(ProjectConfigurationPlatforms) = postSolution
		{CE3B348E-8CF1-EC54-0D34-6499F4FAE3BF}.Debug|Any CPU.ActiveCfg = Debug|Any CPU
		{CE3B348E-8CF1-EC54-0D34-6499F4FAE3BF}.Debug|Any CPU.Build.0 = Debug|Any CPU
		{CE3B348E-8CF1-EC54-0D34-6499F4FAE3BF}.Release|Any CPU.ActiveCfg = Release|Any CPU
		{CE3B348E-8CF1-EC54-0D34-6499F4FAE3BF}.Release|Any CPU.Build.0 = Release|Any CPU
		{BD420B34-F307-CACA-6CC8-BB9C9A03B0AB}.Debug|Any CPU.ActiveCfg = Debug|Any CPU
		{BD420B34-F307-CACA-6CC8-BB9C9A03B0AB}.Debug|Any CPU.Build.0 = Debug|Any CPU
		{BD420B34-F307-CACA-6CC8-BB9C9A03B0AB}.Release|Any CPU.ActiveCfg = Release|Any CPU
		{BD420B34-F307-CACA-6CC8-BB9C9A03B0AB}.Release|Any CPU.Build.0 = Release|Any CPU
	EndGlobalSection
	GlobalSection(SolutionProperties) = preSolution
		HideSolutionNode = FALSE
	EndGlobalSection
EndGlobal
